
Microsoft Visual Studio Solution File, Format Version 12.00
# Visual Studio Version 16
VisualStudioVersion = 16.0.29911.84
MinimumVisualStudioVersion = 10.0.40219.1
Project("{FAE04EC0-301F-11D3-BF4B-00C04F79EFBC}") = "SistemaShanti", "SistemaShanti.csproj", "{CADCAE99-103A-4368-80A9-3848CC107B84}"
EndProject
Global
	GlobalSection(SolutionConfigurationPlatforms) = preSolution
		Debug|Any CPU = Debug|Any CPU
		Release|Any CPU = Release|Any CPU
	EndGlobalSection
	GlobalSection(ProjectConfigurationPlatforms) = postSolution
		{CADCAE99-103A-4368-80A9-3848CC107B84}.Debug|Any CPU.ActiveCfg = Debug|Any CPU
		{CADCAE99-103A-4368-80A9-3848CC107B84}.Debug|Any CPU.Build.0 = Debug|Any CPU
		{CADCAE99-103A-4368-80A9-3848CC107B84}.Release|Any CPU.ActiveCfg = Release|Any CPU
		{CADCAE99-103A-4368-80A9-3848CC107B84}.Release|Any CPU.Build.0 = Release|Any CPU
	EndGlobalSection
	GlobalSection(SolutionProperties) = preSolution
		HideSolutionNode = FALSE
	EndGlobalSection
	GlobalSection(ExtensibilityGlobals) = postSolution
		SolutionGuid = {7ECAB070-21FB-49F6-88FA-949322B99D1B}
	EndGlobalSection
EndGlobal
